// !$*UTF8*$!
{
	archiveVersion = 1;
	classes = {
	};
	objectVersion = 77;
	objects = {

/* Begin PBXBuildFile section */
		56BD3ED82EC58F3A000C7999 /* FirebaseAI in Frameworks */ = {isa = PBXBuildFile; productRef = 56BD3ED72EC58F3A000C7999 /* FirebaseAI */; };
		56BD3EDC2EC58F3A000C7999 /* FirebaseAnalytics in Frameworks */ = {isa = PBXBuildFile; productRef = 56BD3EDB2EC58F3A000C7999 /* FirebaseAnalytics */; };
		56BD3EDE2EC58F3A000C7999 /* FirebaseAnalyticsCore in Frameworks */ = {isa = PBXBuildFile; productRef = 56BD3EDD2EC58F3A000C7999 /* FirebaseAnalyticsCore */; };
		56BD3EE02EC58F3A000C7999 /* FirebaseAnalyticsIdentitySupport in Frameworks */ = {isa = PBXBuildFile; productRef = 56BD3EDF2EC58F3A000C7999 /* FirebaseAnalyticsIdentitySupport */; };
		56BD3EE22EC58F3A000C7999 /* FirebaseAppCheck in Frameworks */ = {isa = PBXBuildFile; productRef = 56BD3EE12EC58F3A000C7999 /* FirebaseAppCheck */; };
		56BD3EE42EC58F3A000C7999 /* FirebaseAppDistribution-Beta in Frameworks */ = {isa = PBXBuildFile; productRef = 56BD3EE32EC58F3A000C7999 /* FirebaseAppDistribution-Beta */; };
		56BD3EE62EC58F3A000C7999 /* FirebaseAuth in Frameworks */ = {isa = PBXBuildFile; productRef = 56BD3EE52EC58F3A000C7999 /* FirebaseAuth */; };
		56BD3EE82EC58F3A000C7999 /* FirebaseAuthCombine-Community in Frameworks */ = {isa = PBXBuildFile; productRef = 56BD3EE72EC58F3A000C7999 /* FirebaseAuthCombine-Community */; };
		56BD3EEA2EC58F3A000C7999 /* FirebaseCore in Frameworks */ = {isa = PBXBuildFile; productRef = 56BD3EE92EC58F3A000C7999 /* FirebaseCore */; };
		56BD3EEC2EC58F3A000C7999 /* FirebaseCrashlytics in Frameworks */ = {isa = PBXBuildFile; productRef = 56BD3EEB2EC58F3A000C7999 /* FirebaseCrashlytics */; };
		56BD3EEE2EC58F3A000C7999 /* FirebaseDatabase in Frameworks */ = {isa = PBXBuildFile; productRef = 56BD3EED2EC58F3A000C7999 /* FirebaseDatabase */; };
		56BD3EF02EC58F3A000C7999 /* FirebaseFirestore in Frameworks */ = {isa = PBXBuildFile; productRef = 56BD3EEF2EC58F3A000C7999 /* FirebaseFirestore */; };
		56BD3EF22EC58F3A000C7999 /* FirebaseFirestoreCombine-Community in Frameworks */ = {isa = PBXBuildFile; productRef = 56BD3EF12EC58F3A000C7999 /* FirebaseFirestoreCombine-Community */; };
		56BD3EF42EC58F3A000C7999 /* FirebaseFunctions in Frameworks */ = {isa = PBXBuildFile; productRef = 56BD3EF32EC58F3A000C7999 /* FirebaseFunctions */; };
		56BD3EF62EC58F3A000C7999 /* FirebaseFunctionsCombine-Community in Frameworks */ = {isa = PBXBuildFile; productRef = 56BD3EF52EC58F3A000C7999 /* FirebaseFunctionsCombine-Community */; };
		56BD3EF82EC58F3A000C7999 /* FirebaseInAppMessaging-Beta in Frameworks */ = {isa = PBXBuildFile; productRef = 56BD3EF72EC58F3A000C7999 /* FirebaseInAppMessaging-Beta */; };
		56BD3EFA2EC58F3A000C7999 /* FirebaseInstallations in Frameworks */ = {isa = PBXBuildFile; productRef = 56BD3EF92EC58F3A000C7999 /* FirebaseInstallations */; };
		56BD3EFC2EC58F3A000C7999 /* FirebaseMLModelDownloader in Frameworks */ = {isa = PBXBuildFile; productRef = 56BD3EFB2EC58F3A000C7999 /* FirebaseMLModelDownloader */; };
		56BD3EFE2EC58F3A000C7999 /* FirebaseMessaging in Frameworks */ = {isa = PBXBuildFile; productRef = 56BD3EFD2EC58F3A000C7999 /* FirebaseMessaging */; };
		56BD3F002EC58F3A000C7999 /* FirebasePerformance in Frameworks */ = {isa = PBXBuildFile; productRef = 56BD3EFF2EC58F3A000C7999 /* FirebasePerformance */; };
		56BD3F022EC58F3A000C7999 /* FirebaseRemoteConfig in Frameworks */ = {isa = PBXBuildFile; productRef = 56BD3F012EC58F3A000C7999 /* FirebaseRemoteConfig */; };
		56BD3F042EC58F3A000C7999 /* FirebaseStorage in Frameworks */ = {isa = PBXBuildFile; productRef = 56BD3F032EC58F3A000C7999 /* FirebaseStorage */; };
/* End PBXBuildFile section */

/* Begin PBXFileReference section */
		5602F4562EB87E4B00FF9E9C /* KP-REVISI.app */ = {isa = PBXFileReference; explicitFileType = wrapper.application; includeInIndex = 0; path = "KP-REVISI.app"; sourceTree = BUILT_PRODUCTS_DIR; };
/* End PBXFileReference section */

/* Begin PBXFileSystemSynchronizedRootGroup section */
		5602F4582EB87E4B00FF9E9C /* KP-REVISI */ = {
			isa = PBXFileSystemSynchronizedRootGroup;
			path = "KP-REVISI";
			sourceTree = "<group>";
		};
/* End PBXFileSystemSynchronizedRootGroup section */

/* Begin PBXFrameworksBuildPhase section */
		5602F4532EB87E4B00FF9E9C /* Frameworks */ = {
			isa = PBXFrameworksBuildPhase;
			buildActionMask = 2147483647;
			files = (
				56BD3EE42EC58F3A000C7999 /* FirebaseAppDistribution-Beta in Frameworks */,
				56BD3EF02EC58F3A000C7999 /* FirebaseFirestore in Frameworks */,
				56BD3EE82EC58F3A000C7999 /* FirebaseAuthCombine-Community in Frameworks */,
				56BD3EFA2EC58F3A000C7999 /* FirebaseInstallations in Frameworks */,
				56BD3EE02EC58F3A000C7999 /* FirebaseAnalyticsIdentitySupport in Frameworks */,
				56BD3EF82EC58F3A000C7999 /* FirebaseInAppMessaging-Beta in Frameworks */,
				56BD3ED82EC58F3A000C7999 /* FirebaseAI in Frameworks */,
				56BD3EEC2EC58F3A000C7999 /* FirebaseCrashlytics in Frameworks */,
				56BD3EF62EC58F3A000C7999 /* FirebaseFunctionsCombine-Community in Frameworks */,
				56BD3EEE2EC58F3A000C7999 /* FirebaseDatabase in Frameworks */,
				56BD3F042EC58F3A000C7999 /* FirebaseStorage in Frameworks */,
				56BD3F022EC58F3A000C7999 /* FirebaseRemoteConfig in Frameworks */,
				56BD3EDC2EC58F3A000C7999 /* FirebaseAnalytics in Frameworks */,
				56BD3EFE2EC58F3A000C7999 /* FirebaseMessaging in Frameworks */,
				56BD3EFC2EC58F3A000C7999 /* FirebaseMLModelDownloader in Frameworks */,
				56BD3F002EC58F3A000C7999 /* FirebasePerformance in Frameworks */,
				56BD3EEA2EC58F3A000C7999 /* FirebaseCore in Frameworks */,
				56BD3EE22EC58F3A000C7999 /* FirebaseAppCheck in Frameworks */,
				56BD3EDE2EC58F3A000C7999 /* FirebaseAnalyticsCore in Frameworks */,
				56BD3EF42EC58F3A000C7999 /* FirebaseFunctions in Frameworks */,
				56BD3EE62EC58F3A000C7999 /* FirebaseAuth in Frameworks */,
				56BD3EF22EC58F3A000C7999 /* FirebaseFirestoreCombine-Community in Frameworks */,
			);
			runOnlyForDeploymentPostprocessing = 0;
		};
/* End PBXFrameworksBuildPhase section */

/* Begin PBXGroup section */
		5602F44D2EB87E4B00FF9E9C = {
			isa = PBXGroup;
			children = (
				5602F4582EB87E4B00FF9E9C /* KP-REVISI */,
				5602F4572EB87E4B00FF9E9C /* Products */,
			);
			sourceTree = "<group>";
		};
		5602F4572EB87E4B00FF9E9C /* Products */ = {
			isa = PBXGroup;
			children = (
				5602F4562EB87E4B00FF9E9C /* KP-REVISI.app */,
			);
			name = Products;
			sourceTree = "<group>";
		};
/* End PBXGroup section */

/* Begin PBXNativeTarget section */
		5602F4552EB87E4B00FF9E9C /* KP-REVISI */ = {
			isa = PBXNativeTarget;
			buildConfigurationList = 5602F4612EB87E4E00FF9E9C /* Build configuration list for PBXNativeTarget "KP-REVISI" */;
			buildPhases = (
				5602F4522EB87E4B00FF9E9C /* Sources */,
				5602F4532EB87E4B00FF9E9C /* Frameworks */,
				5602F4542EB87E4B00FF9E9C /* Resources */,
			);
			buildRules = (
			);
			dependencies = (
			);
			fileSystemSynchronizedGroups = (
				5602F4582EB87E4B00FF9E9C /* KP-REVISI */,
			);
			name = "KP-REVISI";
			packageProductDependencies = (
				56BD3ED72EC58F3A000C7999 /* FirebaseAI */,
				56BD3EDB2EC58F3A000C7999 /* FirebaseAnalytics */,
				56BD3EDD2EC58F3A000C7999 /* FirebaseAnalyticsCore */,
				56BD3EDF2EC58F3A000C7999 /* FirebaseAnalyticsIdentitySupport */,
				56BD3EE12EC58F3A000C7999 /* FirebaseAppCheck */,
				56BD3EE32EC58F3A000C7999 /* FirebaseAppDistribution-Beta */,
				56BD3EE52EC58F3A000C7999 /* FirebaseAuth */,
				56BD3EE72EC58F3A000C7999 /* FirebaseAuthCombine-Community */,
				56BD3EE92EC58F3A000C7999 /* FirebaseCore */,
				56BD3EEB2EC58F3A000C7999 /* FirebaseCrashlytics */,
				56BD3EED2EC58F3A000C7999 /* FirebaseDatabase */,
				56BD3EEF2EC58F3A000C7999 /* FirebaseFirestore */,
				56BD3EF12EC58F3A000C7999 /* FirebaseFirestoreCombine-Community */,
				56BD3EF32EC58F3A000C7999 /* FirebaseFunctions */,
				56BD3EF52EC58F3A000C7999 /* FirebaseFunctionsCombine-Community */,
				56BD3EF72EC58F3A000C7999 /* FirebaseInAppMessaging-Beta */,
				56BD3EF92EC58F3A000C7999 /* FirebaseInstallations */,
				56BD3EFB2EC58F3A000C7999 /* FirebaseMLModelDownloader */,
				56BD3EFD2EC58F3A000C7999 /* FirebaseMessaging */,
				56BD3EFF2EC58F3A000C7999 /* FirebasePerformance */,
				56BD3F012EC58F3A000C7999 /* FirebaseRemoteConfig */,
				56BD3F032EC58F3A000C7999 /* FirebaseStorage */,
			);
			productName = "KP-REVISI";
			productReference = 5602F4562EB87E4B00FF9E9C /* KP-REVISI.app */;
			productType = "com.apple.product-type.application";
		};
/* End PBXNativeTarget section */

/* Begin PBXProject section */
		5602F44E2EB87E4B00FF9E9C /* Project object */ = {
			isa = PBXProject;
			attributes = {
				BuildIndependentTargetsInParallel = 1;
				LastSwiftUpdateCheck = 2600;
				LastUpgradeCheck = 2600;
				TargetAttributes = {
					5602F4552EB87E4B00FF9E9C = {
						CreatedOnToolsVersion = 26.0.1;
					};
				};
			};
			buildConfigurationList = 5602F4512EB87E4B00FF9E9C /* Build configuration list for PBXProject "KP-REVISI" */;
			developmentRegion = en;
			hasScannedForEncodings = 0;
			knownRegions = (
				en,
				Base,
			);
			mainGroup = 5602F44D2EB87E4B00FF9E9C;
			minimizedProjectReferenceProxies = 1;
			packageReferences = (
				56BD3ED62EC58F3A000C7999 /* XCRemoteSwiftPackageReference "firebase-ios-sdk" */,
			);
			preferredProjectObjectVersion = 77;
			productRefGroup = 5602F4572EB87E4B00FF9E9C /* Products */;
			projectDirPath = "";
			projectRoot = "";
			targets = (
				5602F4552EB87E4B00FF9E9C /* KP-REVISI */,
			);
		};
/* End PBXProject section */

/* Begin PBXResourcesBuildPhase section */
		5602F4542EB87E4B00FF9E9C /* Resources */ = {
			isa = PBXResourcesBuildPhase;
			buildActionMask = 2147483647;
			files = (
			);
			runOnlyForDeploymentPostprocessing = 0;
		};
/* End PBXResourcesBuildPhase section */

/* Begin PBXSourcesBuildPhase section */
		5602F4522EB87E4B00FF9E9C /* Sources */ = {
			isa = PBXSourcesBuildPhase;
			buildActionMask = 2147483647;
			files = (
			);
			runOnlyForDeploymentPostprocessing = 0;
		};
/* End PBXSourcesBuildPhase section */

/* Begin XCBuildConfiguration section */
		5602F45F2EB87E4E00FF9E9C /* Debug */ = {
			isa = XCBuildConfiguration;
			buildSettings = {
				ALWAYS_SEARCH_USER_PATHS = NO;
				ASSETCATALOG_COMPILER_GENERATE_SWIFT_ASSET_SYMBOL_EXTENSIONS = YES;
				CLANG_ANALYZER_NONNULL = YES;
				CLANG_ANALYZER_NUMBER_OBJECT_CONVERSION = YES_AGGRESSIVE;
				CLANG_CXX_LANGUAGE_STANDARD = "gnu++20";
				CLANG_ENABLE_MODULES = YES;
				CLANG_ENABLE_OBJC_ARC = YES;
				CLANG_ENABLE_OBJC_WEAK = YES;
				CLANG_WARN_BLOCK_CAPTURE_AUTORELEASING = YES;
				CLANG_WARN_BOOL_CONVERSION = YES;
				CLANG_WARN_COMMA = YES;
				CLANG_WARN_CONSTANT_CONVERSION = YES;
				CLANG_WARN_DEPRECATED_OBJC_IMPLEMENTATIONS = YES;
				CLANG_WARN_DIRECT_OBJC_ISA_USAGE = YES_ERROR;
				CLANG_WARN_DOCUMENTATION_COMMENTS = YES;
				CLANG_WARN_EMPTY_BODY = YES;
				CLANG_WARN_ENUM_CONVERSION = YES;
				CLANG_WARN_INFINITE_RECURSION = YES;
				CLANG_WARN_INT_CONVERSION = YES;
				CLANG_WARN_NON_LITERAL_NULL_CONVERSION = YES;
				CLANG_WARN_OBJC_IMPLICIT_RETAIN_SELF = YES;
				CLANG_WARN_OBJC_LITERAL_CONVERSION = YES;
				CLANG_WARN_OBJC_ROOT_CLASS = YES_ERROR;
				CLANG_WARN_QUOTED_INCLUDE_IN_FRAMEWORK_HEADER = YES;
				CLANG_WARN_RANGE_LOOP_ANALYSIS = YES;
				CLANG_WARN_STRICT_PROTOTYPES = YES;
				CLANG_WARN_SUSPICIOUS_MOVE = YES;
				CLANG_WARN_UNGUARDED_AVAILABILITY = YES_AGGRESSIVE;
				CLANG_WARN_UNREACHABLE_CODE = YES;
				CLANG_WARN__DUPLICATE_METHOD_MATCH = YES;
				COPY_PHASE_STRIP = NO;
				DEBUG_INFORMATION_FORMAT = dwarf;
				DEVELOPMENT_TEAM = XGVFACWZPQ;
				ENABLE_STRICT_OBJC_MSGSEND = YES;
				ENABLE_TESTABILITY = YES;
				ENABLE_USER_SCRIPT_SANDBOXING = YES;
				GCC_C_LANGUAGE_STANDARD = gnu17;
				GCC_DYNAMIC_NO_PIC = NO;
				GCC_NO_COMMON_BLOCKS = YES;
				GCC_OPTIMIZATION_LEVEL = 0;
				GCC_PREPROCESSOR_DEFINITIONS = (
					"DEBUG=1",
					"$(inherited)",
				);
				GCC_WARN_64_TO_32_BIT_CONVERSION = YES;
				GCC_WARN_ABOUT_RETURN_TYPE = YES_ERROR;
				GCC_WARN_UNDECLARED_SELECTOR = YES;
				GCC_WARN_UNINITIALIZED_AUTOS = YES_AGGRESSIVE;
				GCC_WARN_UNUSED_FUNCTION = YES;
				GCC_WARN_UNUSED_VARIABLE = YES;
				IPHONEOS_DEPLOYMENT_TARGET = 26.0;
				LOCALIZATION_PREFERS_STRING_CATALOGS = YES;
				MTL_ENABLE_DEBUG_INFO = INCLUDE_SOURCE;
				MTL_FAST_MATH = YES;
				ONLY_ACTIVE_ARCH = YES;
				SDKROOT = iphoneos;
				SWIFT_ACTIVE_COMPILATION_CONDITIONS = "DEBUG $(inherited)";
				SWIFT_OPTIMIZATION_LEVEL = "-Onone";
			};
			name = Debug;
		};
		5602F4602EB87E4E00FF9E9C /* Release */ = {
			isa = XCBuildConfiguration;
			buildSettings = {
				ALWAYS_SEARCH_USER_PATHS = NO;
				ASSETCATALOG_COMPILER_GENERATE_SWIFT_ASSET_SYMBOL_EXTENSIONS = YES;
				CLANG_ANALYZER_NONNULL = YES;
				CLANG_ANALYZER_NUMBER_OBJECT_CONVERSION = YES_AGGRESSIVE;
				CLANG_CXX_LANGUAGE_STANDARD = "gnu++20";
				CLANG_ENABLE_MODULES = YES;
				CLANG_ENABLE_OBJC_ARC = YES;
				CLANG_ENABLE_OBJC_WEAK = YES;
				CLANG_WARN_BLOCK_CAPTURE_AUTORELEASING = YES;
				CLANG_WARN_BOOL_CONVERSION = YES;
				CLANG_WARN_COMMA = YES;
				CLANG_WARN_CONSTANT_CONVERSION = YES;
				CLANG_WARN_DEPRECATED_OBJC_IMPLEMENTATIONS = YES;
				CLANG_WARN_DIRECT_OBJC_ISA_USAGE = YES_ERROR;
				CLANG_WARN_DOCUMENTATION_COMMENTS = YES;
				CLANG_WARN_EMPTY_BODY = YES;
				CLANG_WARN_ENUM_CONVERSION = YES;
				CLANG_WARN_INFINITE_RECURSION = YES;
				CLANG_WARN_INT_CONVERSION = YES;
				CLANG_WARN_NON_LITERAL_NULL_CONVERSION = YES;
				CLANG_WARN_OBJC_IMPLICIT_RETAIN_SELF = YES;
				CLANG_WARN_OBJC_LITERAL_CONVERSION = YES;
				CLANG_WARN_OBJC_ROOT_CLASS = YES_ERROR;
				CLANG_WARN_QUOTED_INCLUDE_IN_FRAMEWORK_HEADER = YES;
				CLANG_WARN_RANGE_LOOP_ANALYSIS = YES;
				CLANG_WARN_STRICT_PROTOTYPES = YES;
				CLANG_WARN_SUSPICIOUS_MOVE = YES;
				CLANG_WARN_UNGUARDED_AVAILABILITY = YES_AGGRESSIVE;
				CLANG_WARN_UNREACHABLE_CODE = YES;
				CLANG_WARN__DUPLICATE_METHOD_MATCH = YES;
				COPY_PHASE_STRIP = NO;
				DEBUG_INFORMATION_FORMAT = "dwarf-with-dsym";
				DEVELOPMENT_TEAM = XGVFACWZPQ;
				ENABLE_NS_ASSERTIONS = NO;
				ENABLE_STRICT_OBJC_MSGSEND = YES;
				ENABLE_USER_SCRIPT_SANDBOXING = YES;
				GCC_C_LANGUAGE_STANDARD = gnu17;
				GCC_NO_COMMON_BLOCKS = YES;
				GCC_WARN_64_TO_32_BIT_CONVERSION = YES;
				GCC_WARN_ABOUT_RETURN_TYPE = YES_ERROR;
				GCC_WARN_UNDECLARED_SELECTOR = YES;
				GCC_WARN_UNINITIALIZED_AUTOS = YES_AGGRESSIVE;
				GCC_WARN_UNUSED_FUNCTION = YES;
				GCC_WARN_UNUSED_VARIABLE = YES;
				IPHONEOS_DEPLOYMENT_TARGET = 26.0;
				LOCALIZATION_PREFERS_STRING_CATALOGS = YES;
				MTL_ENABLE_DEBUG_INFO = NO;
				MTL_FAST_MATH = YES;
				SDKROOT = iphoneos;
				SWIFT_COMPILATION_MODE = wholemodule;
				VALIDATE_PRODUCT = YES;
			};
			name = Release;
		};
		5602F4622EB87E4E00FF9E9C /* Debug */ = {
			isa = XCBuildConfiguration;
			buildSettings = {
				ASSETCATALOG_COMPILER_APPICON_NAME = AppIcon;
				ASSETCATALOG_COMPILER_GLOBAL_ACCENT_COLOR_NAME = AccentColor;
				CODE_SIGN_STYLE = Automatic;
				CURRENT_PROJECT_VERSION = 1;
				DEVELOPMENT_TEAM = XGVFACWZPQ;
				ENABLE_PREVIEWS = YES;
				GENERATE_INFOPLIST_FILE = YES;
				INFOPLIST_KEY_UIApplicationSceneManifest_Generation = YES;
				INFOPLIST_KEY_UIApplicationSupportsIndirectInputEvents = YES;
				INFOPLIST_KEY_UILaunchScreen_Generation = YES;
				INFOPLIST_KEY_UISupportedInterfaceOrientations_iPad = "UIInterfaceOrientationPortrait UIInterfaceOrientationPortraitUpsideDown UIInterfaceOrientationLandscapeLeft UIInterfaceOrientationLandscapeRight";
				INFOPLIST_KEY_UISupportedInterfaceOrientations_iPhone = "UIInterfaceOrientationPortrait UIInterfaceOrientationLandscapeLeft UIInterfaceOrientationLandscapeRight";
				LD_RUNPATH_SEARCH_PATHS = (
					"$(inherited)",
					"@executable_path/Frameworks",
				);
				MARKETING_VERSION = 1.0;
				PRODUCT_BUNDLE_IDENTIFIER = "id.web.icodewave.KP-REVISI";
				PRODUCT_NAME = "$(TARGET_NAME)";
				STRING_CATALOG_GENERATE_SYMBOLS = YES;
				SWIFT_APPROACHABLE_CONCURRENCY = YES;
				SWIFT_DEFAULT_ACTOR_ISOLATION = MainActor;
				SWIFT_EMIT_LOC_STRINGS = YES;
				SWIFT_UPCOMING_FEATURE_MEMBER_IMPORT_VISIBILITY = YES;
				SWIFT_VERSION = 5.0;
				TARGETED_DEVICE_FAMILY = "1,2";
			};
			name = Debug;
		};
		5602F4632EB87E4E00FF9E9C /* Release */ = {
			isa = XCBuildConfiguration;
			buildSettings = {
				ASSETCATALOG_COMPILER_APPICON_NAME = AppIcon;
				ASSETCATALOG_COMPILER_GLOBAL_ACCENT_COLOR_NAME = AccentColor;
				CODE_SIGN_STYLE = Automatic;
				CURRENT_PROJECT_VERSION = 1;
				DEVELOPMENT_TEAM = XGVFACWZPQ;
				ENABLE_PREVIEWS = YES;
				GENERATE_INFOPLIST_FILE = YES;
				INFOPLIST_KEY_UIApplicationSceneManifest_Generation = YES;
				INFOPLIST_KEY_UIApplicationSupportsIndirectInputEvents = YES;
				INFOPLIST_KEY_UILaunchScreen_Generation = YES;
				INFOPLIST_KEY_UISupportedInterfaceOrientations_iPad = "UIInterfaceOrientationPortrait UIInterfaceOrientationPortraitUpsideDown UIInterfaceOrientationLandscapeLeft UIInterfaceOrientationLandscapeRight";
				INFOPLIST_KEY_UISupportedInterfaceOrientations_iPhone = "UIInterfaceOrientationPortrait UIInterfaceOrientationLandscapeLeft UIInterfaceOrientationLandscapeRight";
				LD_RUNPATH_SEARCH_PATHS = (
					"$(inherited)",
					"@executable_path/Frameworks",
				);
				MARKETING_VERSION = 1.0;
				PRODUCT_BUNDLE_IDENTIFIER = "id.web.icodewave.KP-REVISI";
				PRODUCT_NAME = "$(TARGET_NAME)";
				STRING_CATALOG_GENERATE_SYMBOLS = YES;
				SWIFT_APPROACHABLE_CONCURRENCY = YES;
				SWIFT_DEFAULT_ACTOR_ISOLATION = MainActor;
				SWIFT_EMIT_LOC_STRINGS = YES;
				SWIFT_UPCOMING_FEATURE_MEMBER_IMPORT_VISIBILITY = YES;
				SWIFT_VERSION = 5.0;
				TARGETED_DEVICE_FAMILY = "1,2";
			};
			name = Release;
		};
/* End XCBuildConfiguration section */

/* Begin XCConfigurationList section */
		5602F4512EB87E4B00FF9E9C /* Build configuration list for PBXProject "KP-REVISI" */ = {
			isa = XCConfigurationList;
			buildConfigurations = (
				5602F45F2EB87E4E00FF9E9C /* Debug */,
				5602F4602EB87E4E00FF9E9C /* Release */,
			);
			defaultConfigurationIsVisible = 0;
			defaultConfigurationName = Release;
		};
		5602F4612EB87E4E00FF9E9C /* Build configuration list for PBXNativeTarget "KP-REVISI" */ = {
			isa = XCConfigurationList;
			buildConfigurations = (
				5602F4622EB87E4E00FF9E9C /* Debug */,
				5602F4632EB87E4E00FF9E9C /* Release */,
			);
			defaultConfigurationIsVisible = 0;
			defaultConfigurationName = Release;
		};
/* End XCConfigurationList section */

/* Begin XCRemoteSwiftPackageReference section */
		56BD3ED62EC58F3A000C7999 /* XCRemoteSwiftPackageReference "firebase-ios-sdk" */ = {
			isa = XCRemoteSwiftPackageReference;
			repositoryURL = "https://github.com/firebase/firebase-ios-sdk";
			requirement = {
				kind = upToNextMajorVersion;
				minimumVersion = 12.5.0;
			};
		};
/* End XCRemoteSwiftPackageReference section */

/* Begin XCSwiftPackageProductDependency section */
		56BD3ED72EC58F3A000C7999 /* FirebaseAI */ = {
			isa = XCSwiftPackageProductDependency;
			package = 56BD3ED62EC58F3A000C7999 /* XCRemoteSwiftPackageReference "firebase-ios-sdk" */;
			productName = FirebaseAI;
		};
		56BD3EDB2EC58F3A000C7999 /* FirebaseAnalytics */ = {
			isa = XCSwiftPackageProductDependency;
			package = 56BD3ED62EC58F3A000C7999 /* XCRemoteSwiftPackageReference "firebase-ios-sdk" */;
			productName = FirebaseAnalytics;
		};
		56BD3EDD2EC58F3A000C7999 /* FirebaseAnalyticsCore */ = {
			isa = XCSwiftPackageProductDependency;
			package = 56BD3ED62EC58F3A000C7999 /* XCRemoteSwiftPackageReference "firebase-ios-sdk" */;
			productName = FirebaseAnalyticsCore;
		};
		56BD3EDF2EC58F3A000C7999 /* FirebaseAnalyticsIdentitySupport */ = {
			isa = XCSwiftPackageProductDependency;
			package = 56BD3ED62EC58F3A000C7999 /* XCRemoteSwiftPackageReference "firebase-ios-sdk" */;
			productName = FirebaseAnalyticsIdentitySupport;
		};
		56BD3EE12EC58F3A000C7999 /* FirebaseAppCheck */ = {
			isa = XCSwiftPackageProductDependency;
			package = 56BD3ED62EC58F3A000C7999 /* XCRemoteSwiftPackageReference "firebase-ios-sdk" */;
			productName = FirebaseAppCheck;
		};
		56BD3EE32EC58F3A000C7999 /* FirebaseAppDistribution-Beta */ = {
			isa = XCSwiftPackageProductDependency;
			package = 56BD3ED62EC58F3A000C7999 /* XCRemoteSwiftPackageReference "firebase-ios-sdk" */;
			productName = "FirebaseAppDistribution-Beta";
		};
		56BD3EE52EC58F3A000C7999 /* FirebaseAuth */ = {
			isa = XCSwiftPackageProductDependency;
			package = 56BD3ED62EC58F3A000C7999 /* XCRemoteSwiftPackageReference "firebase-ios-sdk" */;
			productName = FirebaseAuth;
		};
		56BD3EE72EC58F3A000C7999 /* FirebaseAuthCombine-Community */ = {
			isa = XCSwiftPackageProductDependency;
			package = 56BD3ED62EC58F3A000C7999 /* XCRemoteSwiftPackageReference "firebase-ios-sdk" */;
			productName = "FirebaseAuthCombine-Community";
		};
		56BD3EE92EC58F3A000C7999 /* FirebaseCore */ = {
			isa = XCSwiftPackageProductDependency;
			package = 56BD3ED62EC58F3A000C7999 /* XCRemoteSwiftPackageReference "firebase-ios-sdk" */;
			productName = FirebaseCore;
		};
		56BD3EEB2EC58F3A000C7999 /* FirebaseCrashlytics */ = {
			isa = XCSwiftPackageProductDependency;
			package = 56BD3ED62EC58F3A000C7999 /* XCRemoteSwiftPackageReference "firebase-ios-sdk" */;
			productName = FirebaseCrashlytics;
		};
		56BD3EED2EC58F3A000C7999 /* FirebaseDatabase */ = {
			isa = XCSwiftPackageProductDependency;
			package = 56BD3ED62EC58F3A000C7999 /* XCRemoteSwiftPackageReference "firebase-ios-sdk" */;
			productName = FirebaseDatabase;
		};
		56BD3EEF2EC58F3A000C7999 /* FirebaseFirestore */ = {
			isa = XCSwiftPackageProductDependency;
			package = 56BD3ED62EC58F3A000C7999 /* XCRemoteSwiftPackageReference "firebase-ios-sdk" */;
			productName = FirebaseFirestore;
		};
		56BD3EF12EC58F3A000C7999 /* FirebaseFirestoreCombine-Community */ = {
			isa = XCSwiftPackageProductDependency;
			package = 56BD3ED62EC58F3A000C7999 /* XCRemoteSwiftPackageReference "firebase-ios-sdk" */;
			productName = "FirebaseFirestoreCombine-Community";
		};
		56BD3EF32EC58F3A000C7999 /* FirebaseFunctions */ = {
			isa = XCSwiftPackageProductDependency;
			package = 56BD3ED62EC58F3A000C7999 /* XCRemoteSwiftPackageReference "firebase-ios-sdk" */;
			productName = FirebaseFunctions;
		};
		56BD3EF52EC58F3A000C7999 /* FirebaseFunctionsCombine-Community */ = {
			isa = XCSwiftPackageProductDependency;
			package = 56BD3ED62EC58F3A000C7999 /* XCRemoteSwiftPackageReference "firebase-ios-sdk" */;
			productName = "FirebaseFunctionsCombine-Community";
		};
		56BD3EF72EC58F3A000C7999 /* FirebaseInAppMessaging-Beta */ = {
			isa = XCSwiftPackageProductDependency;
			package = 56BD3ED62EC58F3A000C7999 /* XCRemoteSwiftPackageReference "firebase-ios-sdk" */;
			productName = "FirebaseInAppMessaging-Beta";
		};
		56BD3EF92EC58F3A000C7999 /* FirebaseInstallations */ = {
			isa = XCSwiftPackageProductDependency;
			package = 56BD3ED62EC58F3A000C7999 /* XCRemoteSwiftPackageReference "firebase-ios-sdk" */;
			productName = FirebaseInstallations;
		};
		56BD3EFB2EC58F3A000C7999 /* FirebaseMLModelDownloader */ = {
			isa = XCSwiftPackageProductDependency;
			package = 56BD3ED62EC58F3A000C7999 /* XCRemoteSwiftPackageReference "firebase-ios-sdk" */;
			productName = FirebaseMLModelDownloader;
		};
		56BD3EFD2EC58F3A000C7999 /* FirebaseMessaging */ = {
			isa = XCSwiftPackageProductDependency;
			package = 56BD3ED62EC58F3A000C7999 /* XCRemoteSwiftPackageReference "firebase-ios-sdk" */;
			productName = FirebaseMessaging;
		};
		56BD3EFF2EC58F3A000C7999 /* FirebasePerformance */ = {
			isa = XCSwiftPackageProductDependency;
			package = 56BD3ED62EC58F3A000C7999 /* XCRemoteSwiftPackageReference "firebase-ios-sdk" */;
			productName = FirebasePerformance;
		};
		56BD3F012EC58F3A000C7999 /* FirebaseRemoteConfig */ = {
			isa = XCSwiftPackageProductDependency;
			package = 56BD3ED62EC58F3A000C7999 /* XCRemoteSwiftPackageReference "firebase-ios-sdk" */;
			productName = FirebaseRemoteConfig;
		};
		56BD3F032EC58F3A000C7999 /* FirebaseStorage */ = {
			isa = XCSwiftPackageProductDependency;
			package = 56BD3ED62EC58F3A000C7999 /* XCRemoteSwiftPackageReference "firebase-ios-sdk" */;
			productName = FirebaseStorage;
		};
/* End XCSwiftPackageProductDependency section */
	};
	rootObject = 5602F44E2EB87E4B00FF9E9C /* Project object */;
}
